
Microsoft Visual Studio Solution File, Format Version 12.00
# Visual Studio Version 17
VisualStudioVersion = 17.5.002.0
MinimumVisualStudioVersion = 10.0.40219.1
Project("{9A19103F-16F7-4668-BE54-9A1E7A4F7556}") = "Invoice", "Invoice.csproj", "{381734E9-ACF7-41E8-8D18-9CEF633A8CCB}"
EndProject
Global
	GlobalSection(SolutionConfigurationPlatforms) = preSolution
		Debug|Any CPU = Debug|Any CPU
		Release|Any CPU = Release|Any CPU
	EndGlobalSection
	GlobalSection(ProjectConfigurationPlatforms) = postSolution
		{381734E9-ACF7-41E8-8D18-9CEF633A8CCB}.Debug|Any CPU.ActiveCfg = Debug|Any CPU
		{381734E9-ACF7-41E8-8D18-9CEF633A8CCB}.Debug|Any CPU.Build.0 = Debug|Any CPU
		{381734E9-ACF7-41E8-8D18-9CEF633A8CCB}.Release|Any CPU.ActiveCfg = Release|Any CPU
		{381734E9-ACF7-41E8-8D18-9CEF633A8CCB}.Release|Any CPU.Build.0 = Release|Any CPU
	EndGlobalSection
	GlobalSection(SolutionProperties) = preSolution
		HideSolutionNode = FALSE
	EndGlobalSection
	GlobalSection(ExtensibilityGlobals) = postSolution
		SolutionGuid = {6CB15419-D266-4E2D-8D7B-AEA2A5435A3D}
	EndGlobalSection
EndGlobal
